// !$*UTF8*$!
{
	archiveVersion = 1;
	classes = {
	};
	objectVersion = 77;
	objects = {

/* Begin PBXBuildFile section */
		B486C2C82E3D54B500A50B5A /* AppDelegate.swift in Sources */ = {isa = PBXBuildFile; fileRef = B486C2C42E3D54B500A50B5A /* AppDelegate.swift */; };
		B486C2C92E3D54B500A50B5A /* SceneDelegate.swift in Sources */ = {isa = PBXBuildFile; fileRef = B486C2C52E3D54B500A50B5A /* SceneDelegate.swift */; };
		B486C2CA2E3D54B500A50B5A /* ViewController.swift in Sources */ = {isa = PBXBuildFile; fileRef = B486C2C62E3D54B500A50B5A /* ViewController.swift */; };
		B486C2CB2E3D54B500A50B5A /* Assets.xcassets in Resources */ = {isa = PBXBuildFile; fileRef = B486C2BB2E3D54B500A50B5A /* Assets.xcassets */; };
		B486C2CD2E3D54B500A50B5A /* LaunchScreen.storyboard in Resources */ = {isa = PBXBuildFile; fileRef = B486C2BE2E3D54B500A50B5A /* LaunchScreen.storyboard */; };
		B486C2CF2E3D566D00A50B5A /* ArticleNewsView.swift in Sources */ = {isa = PBXBuildFile; fileRef = B486C2CE2E3D566D00A50B5A /* ArticleNewsView.swift */; };
		B486C2D12E3D581700A50B5A /* APIConstants.swift in Sources */ = {isa = PBXBuildFile; fileRef = B486C2D02E3D581700A50B5A /* APIConstants.swift */; };
		B486C2D32E3D584200A50B5A /* Article.swift in Sources */ = {isa = PBXBuildFile; fileRef = B486C2D22E3D584200A50B5A /* Article.swift */; };
		B486C2D52E3D585E00A50B5A /* NewsResponse.swift in Sources */ = {isa = PBXBuildFile; fileRef = B486C2D42E3D585E00A50B5A /* NewsResponse.swift */; };
		B486C2DE2E3D5C4700A50B5A /* APIError.swift in Sources */ = {isa = PBXBuildFile; fileRef = B486C2DC2E3D5C4700A50B5A /* APIError.swift */; };
		B486C2E42E3D5CE400A50B5A /* NewsServiceProtocoling.swift in Sources */ = {isa = PBXBuildFile; fileRef = B486C2E22E3D5CE400A50B5A /* NewsServiceProtocoling.swift */; };
		B486C2E62E3D5D2F00A50B5A /* Endpoint.swift in Sources */ = {isa = PBXBuildFile; fileRef = B486C2E52E3D5D2800A50B5A /* Endpoint.swift */; };
		B486C2E82E3D5E7E00A50B5A /* NewsService.swift in Sources */ = {isa = PBXBuildFile; fileRef = B486C2E72E3D5E7B00A50B5A /* NewsService.swift */; };
		B486C2EA2E3D5EF400A50B5A /* RequestManager.swift in Sources */ = {isa = PBXBuildFile; fileRef = B486C2E92E3D5EEE00A50B5A /* RequestManager.swift */; };
		B486C2EF2E3D67BD00A50B5A /* ArticleNewsEndpoint.swift in Sources */ = {isa = PBXBuildFile; fileRef = B486C2EE2E3D67BD00A50B5A /* ArticleNewsEndpoint.swift */; };
/* End PBXBuildFile section */

/* Begin PBXFileReference section */
		B486C2922E3D51B200A50B5A /* ArticleNews.app */ = {isa = PBXFileReference; explicitFileType = wrapper.application; includeInIndex = 0; path = ArticleNews.app; sourceTree = BUILT_PRODUCTS_DIR; };
		B486C2BB2E3D54B500A50B5A /* Assets.xcassets */ = {isa = PBXFileReference; lastKnownFileType = folder.assetcatalog; path = Assets.xcassets; sourceTree = "<group>"; };
		B486C2BC2E3D54B500A50B5A /* Info.plist */ = {isa = PBXFileReference; lastKnownFileType = text.plist.xml; path = Info.plist; sourceTree = "<group>"; };
		B486C2BD2E3D54B500A50B5A /* Base */ = {isa = PBXFileReference; lastKnownFileType = file.storyboard; name = Base; path = Base.lproj/LaunchScreen.storyboard; sourceTree = "<group>"; };
		B486C2C42E3D54B500A50B5A /* AppDelegate.swift */ = {isa = PBXFileReference; lastKnownFileType = sourcecode.swift; path = AppDelegate.swift; sourceTree = "<group>"; };
		B486C2C52E3D54B500A50B5A /* SceneDelegate.swift */ = {isa = PBXFileReference; lastKnownFileType = sourcecode.swift; path = SceneDelegate.swift; sourceTree = "<group>"; };
		B486C2C62E3D54B500A50B5A /* ViewController.swift */ = {isa = PBXFileReference; lastKnownFileType = sourcecode.swift; path = ViewController.swift; sourceTree = "<group>"; };
		B486C2CE2E3D566D00A50B5A /* ArticleNewsView.swift */ = {isa = PBXFileReference; lastKnownFileType = sourcecode.swift; path = ArticleNewsView.swift; sourceTree = "<group>"; };
		B486C2D02E3D581700A50B5A /* APIConstants.swift */ = {isa = PBXFileReference; lastKnownFileType = sourcecode.swift; path = APIConstants.swift; sourceTree = "<group>"; };
		B486C2D22E3D584200A50B5A /* Article.swift */ = {isa = PBXFileReference; lastKnownFileType = sourcecode.swift; path = Article.swift; sourceTree = "<group>"; };
		B486C2D42E3D585E00A50B5A /* NewsResponse.swift */ = {isa = PBXFileReference; lastKnownFileType = sourcecode.swift; path = NewsResponse.swift; sourceTree = "<group>"; };
		B486C2DC2E3D5C4700A50B5A /* APIError.swift */ = {isa = PBXFileReference; lastKnownFileType = sourcecode.swift; path = APIError.swift; sourceTree = "<group>"; };
		B486C2E22E3D5CE400A50B5A /* NewsServiceProtocoling.swift */ = {isa = PBXFileReference; lastKnownFileType = sourcecode.swift; path = NewsServiceProtocoling.swift; sourceTree = "<group>"; };
		B486C2E52E3D5D2800A50B5A /* Endpoint.swift */ = {isa = PBXFileReference; lastKnownFileType = sourcecode.swift; path = Endpoint.swift; sourceTree = "<group>"; };
		B486C2E72E3D5E7B00A50B5A /* NewsService.swift */ = {isa = PBXFileReference; lastKnownFileType = sourcecode.swift; path = NewsService.swift; sourceTree = "<group>"; };
		B486C2E92E3D5EEE00A50B5A /* RequestManager.swift */ = {isa = PBXFileReference; lastKnownFileType = sourcecode.swift; path = RequestManager.swift; sourceTree = "<group>"; };
		B486C2EE2E3D67BD00A50B5A /* ArticleNewsEndpoint.swift */ = {isa = PBXFileReference; lastKnownFileType = sourcecode.swift; path = ArticleNewsEndpoint.swift; sourceTree = "<group>"; };
/* End PBXFileReference section */

/* Begin PBXFrameworksBuildPhase section */
		B486C28F2E3D51B200A50B5A /* Frameworks */ = {
			isa = PBXFrameworksBuildPhase;
			buildActionMask = 2147483647;
			files = (
			);
			runOnlyForDeploymentPostprocessing = 0;
		};
/* End PBXFrameworksBuildPhase section */

/* Begin PBXGroup section */
		B486C2892E3D51B200A50B5A = {
			isa = PBXGroup;
			children = (
				B486C2C72E3D54B500A50B5A /* ArticleNews */,
				B486C2932E3D51B200A50B5A /* Products */,
			);
			sourceTree = "<group>";
		};
		B486C2932E3D51B200A50B5A /* Products */ = {
			isa = PBXGroup;
			children = (
				B486C2922E3D51B200A50B5A /* ArticleNews.app */,
			);
			name = Products;
			sourceTree = "<group>";
		};
		B486C2B72E3D54B500A50B5A /* Constants */ = {
			isa = PBXGroup;
			children = (
				B486C2D02E3D581700A50B5A /* APIConstants.swift */,
			);
			path = Constants;
			sourceTree = "<group>";
		};
		B486C2B82E3D54B500A50B5A /* Coordinators */ = {
			isa = PBXGroup;
			children = (
			);
			path = Coordinators;
			sourceTree = "<group>";
		};
		B486C2B92E3D54B500A50B5A /* Extensions */ = {
			isa = PBXGroup;
			children = (
			);
			path = Extensions;
			sourceTree = "<group>";
		};
		B486C2BA2E3D54B500A50B5A /* Models */ = {
			isa = PBXGroup;
			children = (
				B486C2D22E3D584200A50B5A /* Article.swift */,
				B486C2D42E3D585E00A50B5A /* NewsResponse.swift */,
			);
			path = Models;
			sourceTree = "<group>";
		};
		B486C2BF2E3D54B500A50B5A /* Resources */ = {
			isa = PBXGroup;
			children = (
				B486C2BB2E3D54B500A50B5A /* Assets.xcassets */,
				B486C2BC2E3D54B500A50B5A /* Info.plist */,
				B486C2BE2E3D54B500A50B5A /* LaunchScreen.storyboard */,
			);
			path = Resources;
			sourceTree = "<group>";
		};
		B486C2C02E3D54B500A50B5A /* Services */ = {
			isa = PBXGroup;
			children = (
				B486C2E32E3D5CE400A50B5A /* Protocols */,
				B486C2DD2E3D5C4700A50B5A /* Networking */,
			);
			path = Services;
			sourceTree = "<group>";
		};
		B486C2C12E3D54B500A50B5A /* Utils */ = {
			isa = PBXGroup;
			children = (
			);
			path = Utils;
			sourceTree = "<group>";
		};
		B486C2C22E3D54B500A50B5A /* ViewModels */ = {
			isa = PBXGroup;
			children = (
			);
			path = ViewModels;
			sourceTree = "<group>";
		};
		B486C2C32E3D54B500A50B5A /* Views */ = {
			isa = PBXGroup;
			children = (
				B486C2CE2E3D566D00A50B5A /* ArticleNewsView.swift */,
				B486C2C62E3D54B500A50B5A /* ViewController.swift */,
			);
			path = Views;
			sourceTree = "<group>";
		};
		B486C2C72E3D54B500A50B5A /* ArticleNews */ = {
			isa = PBXGroup;
			children = (
				B486C2ED2E3D678C00A50B5A /* Endpoints */,
				B486C2B72E3D54B500A50B5A /* Constants */,
				B486C2B82E3D54B500A50B5A /* Coordinators */,
				B486C2B92E3D54B500A50B5A /* Extensions */,
				B486C2BA2E3D54B500A50B5A /* Models */,
				B486C2BF2E3D54B500A50B5A /* Resources */,
				B486C2C02E3D54B500A50B5A /* Services */,
				B486C2C12E3D54B500A50B5A /* Utils */,
				B486C2C22E3D54B500A50B5A /* ViewModels */,
				B486C2C32E3D54B500A50B5A /* Views */,
				B486C2C42E3D54B500A50B5A /* AppDelegate.swift */,
				B486C2C52E3D54B500A50B5A /* SceneDelegate.swift */,
			);
			path = ArticleNews;
			sourceTree = "<group>";
		};
		B486C2DD2E3D5C4700A50B5A /* Networking */ = {
			isa = PBXGroup;
			children = (
				B486C2E92E3D5EEE00A50B5A /* RequestManager.swift */,
				B486C2E72E3D5E7B00A50B5A /* NewsService.swift */,
				B486C2DC2E3D5C4700A50B5A /* APIError.swift */,
			);
			path = Networking;
			sourceTree = "<group>";
		};
		B486C2E32E3D5CE400A50B5A /* Protocols */ = {
			isa = PBXGroup;
			children = (
				B486C2E52E3D5D2800A50B5A /* Endpoint.swift */,
				B486C2E22E3D5CE400A50B5A /* NewsServiceProtocoling.swift */,
			);
			path = Protocols;
			sourceTree = "<group>";
		};
		B486C2ED2E3D678C00A50B5A /* Endpoints */ = {
			isa = PBXGroup;
			children = (
				B486C2EE2E3D67BD00A50B5A /* ArticleNewsEndpoint.swift */,
			);
			path = Endpoints;
			sourceTree = "<group>";
		};
/* End PBXGroup section */

/* Begin PBXNativeTarget section */
		B486C2912E3D51B200A50B5A /* ArticleNews */ = {
			isa = PBXNativeTarget;
			buildConfigurationList = B486C2A52E3D51B400A50B5A /* Build configuration list for PBXNativeTarget "ArticleNews" */;
			buildPhases = (
				B486C28E2E3D51B200A50B5A /* Sources */,
				B486C28F2E3D51B200A50B5A /* Frameworks */,
				B486C2902E3D51B200A50B5A /* Resources */,
			);
			buildRules = (
			);
			dependencies = (
			);
			name = ArticleNews;
			packageProductDependencies = (
			);
			productName = ArticleNews;
			productReference = B486C2922E3D51B200A50B5A /* ArticleNews.app */;
			productType = "com.apple.product-type.application";
		};
/* End PBXNativeTarget section */

/* Begin PBXProject section */
		B486C28A2E3D51B200A50B5A /* Project object */ = {
			isa = PBXProject;
			attributes = {
				BuildIndependentTargetsInParallel = 1;
				LastSwiftUpdateCheck = 1640;
				LastUpgradeCheck = 1640;
				TargetAttributes = {
					B486C2912E3D51B200A50B5A = {
						CreatedOnToolsVersion = 16.4;
					};
				};
			};
			buildConfigurationList = B486C28D2E3D51B200A50B5A /* Build configuration list for PBXProject "ArticleNews" */;
			developmentRegion = en;
			hasScannedForEncodings = 0;
			knownRegions = (
				en,
				Base,
			);
			mainGroup = B486C2892E3D51B200A50B5A;
			minimizedProjectReferenceProxies = 1;
			preferredProjectObjectVersion = 77;
			productRefGroup = B486C2932E3D51B200A50B5A /* Products */;
			projectDirPath = "";
			projectRoot = "";
			targets = (
				B486C2912E3D51B200A50B5A /* ArticleNews */,
			);
		};
/* End PBXProject section */

/* Begin PBXResourcesBuildPhase section */
		B486C2902E3D51B200A50B5A /* Resources */ = {
			isa = PBXResourcesBuildPhase;
			buildActionMask = 2147483647;
			files = (
				B486C2CB2E3D54B500A50B5A /* Assets.xcassets in Resources */,
				B486C2CD2E3D54B500A50B5A /* LaunchScreen.storyboard in Resources */,
			);
			runOnlyForDeploymentPostprocessing = 0;
		};
/* End PBXResourcesBuildPhase section */

/* Begin PBXSourcesBuildPhase section */
		B486C28E2E3D51B200A50B5A /* Sources */ = {
			isa = PBXSourcesBuildPhase;
			buildActionMask = 2147483647;
			files = (
				B486C2D52E3D585E00A50B5A /* NewsResponse.swift in Sources */,
				B486C2CF2E3D566D00A50B5A /* ArticleNewsView.swift in Sources */,
				B486C2D12E3D581700A50B5A /* APIConstants.swift in Sources */,
				B486C2EA2E3D5EF400A50B5A /* RequestManager.swift in Sources */,
				B486C2D32E3D584200A50B5A /* Article.swift in Sources */,
				B486C2E62E3D5D2F00A50B5A /* Endpoint.swift in Sources */,
				B486C2C82E3D54B500A50B5A /* AppDelegate.swift in Sources */,
				B486C2EF2E3D67BD00A50B5A /* ArticleNewsEndpoint.swift in Sources */,
				B486C2C92E3D54B500A50B5A /* SceneDelegate.swift in Sources */,
				B486C2CA2E3D54B500A50B5A /* ViewController.swift in Sources */,
				B486C2DE2E3D5C4700A50B5A /* APIError.swift in Sources */,
				B486C2E42E3D5CE400A50B5A /* NewsServiceProtocoling.swift in Sources */,
				B486C2E82E3D5E7E00A50B5A /* NewsService.swift in Sources */,
			);
			runOnlyForDeploymentPostprocessing = 0;
		};
/* End PBXSourcesBuildPhase section */

/* Begin PBXVariantGroup section */
		B486C2BE2E3D54B500A50B5A /* LaunchScreen.storyboard */ = {
			isa = PBXVariantGroup;
			children = (
				B486C2BD2E3D54B500A50B5A /* Base */,
			);
			name = LaunchScreen.storyboard;
			sourceTree = "<group>";
		};
/* End PBXVariantGroup section */

/* Begin XCBuildConfiguration section */
		B486C2A62E3D51B400A50B5A /* Debug */ = {
			isa = XCBuildConfiguration;
			buildSettings = {
				ASSETCATALOG_COMPILER_APPICON_NAME = AppIcon;
				ASSETCATALOG_COMPILER_GLOBAL_ACCENT_COLOR_NAME = AccentColor;
				CODE_SIGN_STYLE = Automatic;
				CURRENT_PROJECT_VERSION = 1;
				DEVELOPMENT_TEAM = H6YWFTD677;
				GENERATE_INFOPLIST_FILE = YES;
				INFOPLIST_FILE = ArticleNews/Info.plist;
				INFOPLIST_KEY_UIApplicationSupportsIndirectInputEvents = YES;
				INFOPLIST_KEY_UILaunchStoryboardName = LaunchScreen;
				INFOPLIST_KEY_UISupportedInterfaceOrientations_iPad = "UIInterfaceOrientationPortrait UIInterfaceOrientationPortraitUpsideDown UIInterfaceOrientationLandscapeLeft UIInterfaceOrientationLandscapeRight";
				INFOPLIST_KEY_UISupportedInterfaceOrientations_iPhone = "UIInterfaceOrientationPortrait UIInterfaceOrientationLandscapeLeft UIInterfaceOrientationLandscapeRight";
				IPHONEOS_DEPLOYMENT_TARGET = 15.6;
				LD_RUNPATH_SEARCH_PATHS = (
					"$(inherited)",
					"@executable_path/Frameworks",
				);
				MARKETING_VERSION = 1.0;
				PRODUCT_BUNDLE_IDENTIFIER = br.com.arilson.ArticleNews;
				PRODUCT_NAME = "$(TARGET_NAME)";
				SUPPORTED_PLATFORMS = "iphoneos iphonesimulator";
				SUPPORTS_MACCATALYST = NO;
				SUPPORTS_MAC_DESIGNED_FOR_IPHONE_IPAD = NO;
				SUPPORTS_XR_DESIGNED_FOR_IPHONE_IPAD = NO;
				SWIFT_EMIT_LOC_STRINGS = YES;
				SWIFT_VERSION = 5.0;
				TARGETED_DEVICE_FAMILY = 1;
			};
			name = Debug;
		};
		B486C2A72E3D51B400A50B5A /* Release */ = {
			isa = XCBuildConfiguration;
			buildSettings = {
				ASSETCATALOG_COMPILER_APPICON_NAME = AppIcon;
				ASSETCATALOG_COMPILER_GLOBAL_ACCENT_COLOR_NAME = AccentColor;
				CODE_SIGN_STYLE = Automatic;
				CURRENT_PROJECT_VERSION = 1;
				DEVELOPMENT_TEAM = H6YWFTD677;
				GENERATE_INFOPLIST_FILE = YES;
				INFOPLIST_FILE = ArticleNews/Info.plist;
				INFOPLIST_KEY_UIApplicationSupportsIndirectInputEvents = YES;
				INFOPLIST_KEY_UILaunchStoryboardName = LaunchScreen;
				INFOPLIST_KEY_UISupportedInterfaceOrientations_iPad = "UIInterfaceOrientationPortrait UIInterfaceOrientationPortraitUpsideDown UIInterfaceOrientationLandscapeLeft UIInterfaceOrientationLandscapeRight";
				INFOPLIST_KEY_UISupportedInterfaceOrientations_iPhone = "UIInterfaceOrientationPortrait UIInterfaceOrientationLandscapeLeft UIInterfaceOrientationLandscapeRight";
				IPHONEOS_DEPLOYMENT_TARGET = 15.6;
				LD_RUNPATH_SEARCH_PATHS = (
					"$(inherited)",
					"@executable_path/Frameworks",
				);
				MARKETING_VERSION = 1.0;
				PRODUCT_BUNDLE_IDENTIFIER = br.com.arilson.ArticleNews;
				PRODUCT_NAME = "$(TARGET_NAME)";
				SUPPORTED_PLATFORMS = "iphoneos iphonesimulator";
				SUPPORTS_MACCATALYST = NO;
				SUPPORTS_MAC_DESIGNED_FOR_IPHONE_IPAD = NO;
				SUPPORTS_XR_DESIGNED_FOR_IPHONE_IPAD = NO;
				SWIFT_EMIT_LOC_STRINGS = YES;
				SWIFT_VERSION = 5.0;
				TARGETED_DEVICE_FAMILY = 1;
			};
			name = Release;
		};
		B486C2A82E3D51B400A50B5A /* Debug */ = {
			isa = XCBuildConfiguration;
			buildSettings = {
				ALWAYS_SEARCH_USER_PATHS = NO;
				ASSETCATALOG_COMPILER_GENERATE_SWIFT_ASSET_SYMBOL_EXTENSIONS = YES;
				CLANG_ANALYZER_NONNULL = YES;
				CLANG_ANALYZER_NUMBER_OBJECT_CONVERSION = YES_AGGRESSIVE;
				CLANG_CXX_LANGUAGE_STANDARD = "gnu++20";
				CLANG_ENABLE_MODULES = YES;
				CLANG_ENABLE_OBJC_ARC = YES;
				CLANG_ENABLE_OBJC_WEAK = YES;
				CLANG_WARN_BLOCK_CAPTURE_AUTORELEASING = YES;
				CLANG_WARN_BOOL_CONVERSION = YES;
				CLANG_WARN_COMMA = YES;
				CLANG_WARN_CONSTANT_CONVERSION = YES;
				CLANG_WARN_DEPRECATED_OBJC_IMPLEMENTATIONS = YES;
				CLANG_WARN_DIRECT_OBJC_ISA_USAGE = YES_ERROR;
				CLANG_WARN_DOCUMENTATION_COMMENTS = YES;
				CLANG_WARN_EMPTY_BODY = YES;
				CLANG_WARN_ENUM_CONVERSION = YES;
				CLANG_WARN_INFINITE_RECURSION = YES;
				CLANG_WARN_INT_CONVERSION = YES;
				CLANG_WARN_NON_LITERAL_NULL_CONVERSION = YES;
				CLANG_WARN_OBJC_IMPLICIT_RETAIN_SELF = YES;
				CLANG_WARN_OBJC_LITERAL_CONVERSION = YES;
				CLANG_WARN_OBJC_ROOT_CLASS = YES_ERROR;
				CLANG_WARN_QUOTED_INCLUDE_IN_FRAMEWORK_HEADER = YES;
				CLANG_WARN_RANGE_LOOP_ANALYSIS = YES;
				CLANG_WARN_STRICT_PROTOTYPES = YES;
				CLANG_WARN_SUSPICIOUS_MOVE = YES;
				CLANG_WARN_UNGUARDED_AVAILABILITY = YES_AGGRESSIVE;
				CLANG_WARN_UNREACHABLE_CODE = YES;
				CLANG_WARN__DUPLICATE_METHOD_MATCH = YES;
				COPY_PHASE_STRIP = NO;
				DEBUG_INFORMATION_FORMAT = dwarf;
				DEVELOPMENT_TEAM = H6YWFTD677;
				ENABLE_STRICT_OBJC_MSGSEND = YES;
				ENABLE_TESTABILITY = YES;
				ENABLE_USER_SCRIPT_SANDBOXING = YES;
				GCC_C_LANGUAGE_STANDARD = gnu17;
				GCC_DYNAMIC_NO_PIC = NO;
				GCC_NO_COMMON_BLOCKS = YES;
				GCC_OPTIMIZATION_LEVEL = 0;
				GCC_PREPROCESSOR_DEFINITIONS = (
					"DEBUG=1",
					"$(inherited)",
				);
				GCC_WARN_64_TO_32_BIT_CONVERSION = YES;
				GCC_WARN_ABOUT_RETURN_TYPE = YES_ERROR;
				GCC_WARN_UNDECLARED_SELECTOR = YES;
				GCC_WARN_UNINITIALIZED_AUTOS = YES_AGGRESSIVE;
				GCC_WARN_UNUSED_FUNCTION = YES;
				GCC_WARN_UNUSED_VARIABLE = YES;
				IPHONEOS_DEPLOYMENT_TARGET = 18.5;
				LOCALIZATION_PREFERS_STRING_CATALOGS = YES;
				MTL_ENABLE_DEBUG_INFO = INCLUDE_SOURCE;
				MTL_FAST_MATH = YES;
				ONLY_ACTIVE_ARCH = YES;
				SDKROOT = iphoneos;
				SWIFT_ACTIVE_COMPILATION_CONDITIONS = "DEBUG $(inherited)";
				SWIFT_OPTIMIZATION_LEVEL = "-Onone";
			};
			name = Debug;
		};
		B486C2A92E3D51B400A50B5A /* Release */ = {
			isa = XCBuildConfiguration;
			buildSettings = {
				ALWAYS_SEARCH_USER_PATHS = NO;
				ASSETCATALOG_COMPILER_GENERATE_SWIFT_ASSET_SYMBOL_EXTENSIONS = YES;
				CLANG_ANALYZER_NONNULL = YES;
				CLANG_ANALYZER_NUMBER_OBJECT_CONVERSION = YES_AGGRESSIVE;
				CLANG_CXX_LANGUAGE_STANDARD = "gnu++20";
				CLANG_ENABLE_MODULES = YES;
				CLANG_ENABLE_OBJC_ARC = YES;
				CLANG_ENABLE_OBJC_WEAK = YES;
				CLANG_WARN_BLOCK_CAPTURE_AUTORELEASING = YES;
				CLANG_WARN_BOOL_CONVERSION = YES;
				CLANG_WARN_COMMA = YES;
				CLANG_WARN_CONSTANT_CONVERSION = YES;
				CLANG_WARN_DEPRECATED_OBJC_IMPLEMENTATIONS = YES;
				CLANG_WARN_DIRECT_OBJC_ISA_USAGE = YES_ERROR;
				CLANG_WARN_DOCUMENTATION_COMMENTS = YES;
				CLANG_WARN_EMPTY_BODY = YES;
				CLANG_WARN_ENUM_CONVERSION = YES;
				CLANG_WARN_INFINITE_RECURSION = YES;
				CLANG_WARN_INT_CONVERSION = YES;
				CLANG_WARN_NON_LITERAL_NULL_CONVERSION = YES;
				CLANG_WARN_OBJC_IMPLICIT_RETAIN_SELF = YES;
				CLANG_WARN_OBJC_LITERAL_CONVERSION = YES;
				CLANG_WARN_OBJC_ROOT_CLASS = YES_ERROR;
				CLANG_WARN_QUOTED_INCLUDE_IN_FRAMEWORK_HEADER = YES;
				CLANG_WARN_RANGE_LOOP_ANALYSIS = YES;
				CLANG_WARN_STRICT_PROTOTYPES = YES;
				CLANG_WARN_SUSPICIOUS_MOVE = YES;
				CLANG_WARN_UNGUARDED_AVAILABILITY = YES_AGGRESSIVE;
				CLANG_WARN_UNREACHABLE_CODE = YES;
				CLANG_WARN__DUPLICATE_METHOD_MATCH = YES;
				COPY_PHASE_STRIP = NO;
				DEBUG_INFORMATION_FORMAT = "dwarf-with-dsym";
				DEVELOPMENT_TEAM = H6YWFTD677;
				ENABLE_NS_ASSERTIONS = NO;
				ENABLE_STRICT_OBJC_MSGSEND = YES;
				ENABLE_USER_SCRIPT_SANDBOXING = YES;
				GCC_C_LANGUAGE_STANDARD = gnu17;
				GCC_NO_COMMON_BLOCKS = YES;
				GCC_WARN_64_TO_32_BIT_CONVERSION = YES;
				GCC_WARN_ABOUT_RETURN_TYPE = YES_ERROR;
				GCC_WARN_UNDECLARED_SELECTOR = YES;
				GCC_WARN_UNINITIALIZED_AUTOS = YES_AGGRESSIVE;
				GCC_WARN_UNUSED_FUNCTION = YES;
				GCC_WARN_UNUSED_VARIABLE = YES;
				IPHONEOS_DEPLOYMENT_TARGET = 18.5;
				LOCALIZATION_PREFERS_STRING_CATALOGS = YES;
				MTL_ENABLE_DEBUG_INFO = NO;
				MTL_FAST_MATH = YES;
				SDKROOT = iphoneos;
				SWIFT_COMPILATION_MODE = wholemodule;
				VALIDATE_PRODUCT = YES;
			};
			name = Release;
		};
/* End XCBuildConfiguration section */

/* Begin XCConfigurationList section */
		B486C28D2E3D51B200A50B5A /* Build configuration list for PBXProject "ArticleNews" */ = {
			isa = XCConfigurationList;
			buildConfigurations = (
				B486C2A82E3D51B400A50B5A /* Debug */,
				B486C2A92E3D51B400A50B5A /* Release */,
			);
			defaultConfigurationIsVisible = 0;
			defaultConfigurationName = Release;
		};
		B486C2A52E3D51B400A50B5A /* Build configuration list for PBXNativeTarget "ArticleNews" */ = {
			isa = XCConfigurationList;
			buildConfigurations = (
				B486C2A62E3D51B400A50B5A /* Debug */,
				B486C2A72E3D51B400A50B5A /* Release */,
			);
			defaultConfigurationIsVisible = 0;
			defaultConfigurationName = Release;
		};
/* End XCConfigurationList section */
	};
	rootObject = B486C28A2E3D51B200A50B5A /* Project object */;
}
